# THIS IS AN AUTOGENERATED FILE. DO NOT EDIT THIS FILE DIRECTLY.
# yarn lockfile v1


uniqid@^5.0.3:
  version "5.0.3"
  resolved "https://registry.yarnpkg.com/uniqid/-/uniqid-5.0.3.tgz#917968310edc868d50df6c44f783f32c7d80fac1"
  integrity sha512-R2qx3X/LYWSdGRaluio4dYrPXAJACTqyUjuyXHoJLBUOIfmMcnYOyY2d6Y4clZcIz5lK6ZaI0Zzmm0cPfsIqzQ==
